// !$*UTF8*$!
{
	archiveVersion = 1;
	classes = {
	};
	objectVersion = 46;
	objects = {

/* Begin PBXBuildFile section */
		655D5AB91EFB9EA9008B74DC /* ELBezierLineChartView.m in Sources */ = {isa = PBXBuildFile; fileRef = 655D5AB81EFB9EA9008B74DC /* ELBezierLineChartView.m */; };
		65A276D01EFB77E2001CF425 /* main.m in Sources */ = {isa = PBXBuildFile; fileRef = 65A276CF1EFB77E2001CF425 /* main.m */; };
		65A276D31EFB77E2001CF425 /* AppDelegate.m in Sources */ = {isa = PBXBuildFile; fileRef = 65A276D21EFB77E2001CF425 /* AppDelegate.m */; };
		65A276D61EFB77E2001CF425 /* ViewController.m in Sources */ = {isa = PBXBuildFile; fileRef = 65A276D51EFB77E2001CF425 /* ViewController.m */; };
		65A276D91EFB77E2001CF425 /* Main.storyboard in Resources */ = {isa = PBXBuildFile; fileRef = 65A276D71EFB77E2001CF425 /* Main.storyboard */; };
		65A276DB1EFB77E2001CF425 /* Assets.xcassets in Resources */ = {isa = PBXBuildFile; fileRef = 65A276DA1EFB77E2001CF425 /* Assets.xcassets */; };
		65A276DE1EFB77E2001CF425 /* LaunchScreen.storyboard in Resources */ = {isa = PBXBuildFile; fileRef = 65A276DC1EFB77E2001CF425 /* LaunchScreen.storyboard */; };
		65A276E91EFB77E2001CF425 /* UIBezierPathDemoTests.m in Sources */ = {isa = PBXBuildFile; fileRef = 65A276E81EFB77E2001CF425 /* UIBezierPathDemoTests.m */; };
		65A276F41EFB77E2001CF425 /* UIBezierPathDemoUITests.m in Sources */ = {isa = PBXBuildFile; fileRef = 65A276F31EFB77E2001CF425 /* UIBezierPathDemoUITests.m */; };
/* End PBXBuildFile section */

/* Begin PBXContainerItemProxy section */
		65A276E51EFB77E2001CF425 /* PBXContainerItemProxy */ = {
			isa = PBXContainerItemProxy;
			containerPortal = 65A276C31EFB77E1001CF425 /* Project object */;
			proxyType = 1;
			remoteGlobalIDString = 65A276CA1EFB77E2001CF425;
			remoteInfo = UIBezierPathDemo;
		};
		65A276F01EFB77E2001CF425 /* PBXContainerItemProxy */ = {
			isa = PBXContainerItemProxy;
			containerPortal = 65A276C31EFB77E1001CF425 /* Project object */;
			proxyType = 1;
			remoteGlobalIDString = 65A276CA1EFB77E2001CF425;
			remoteInfo = UIBezierPathDemo;
		};
/* End PBXContainerItemProxy section */

/* Begin PBXFileReference section */
		655D5AB71EFB9EA9008B74DC /* ELBezierLineChartView.h */ = {isa = PBXFileReference; fileEncoding = 4; lastKnownFileType = sourcecode.c.h; path = ELBezierLineChartView.h; sourceTree = "<group>"; };
		655D5AB81EFB9EA9008B74DC /* ELBezierLineChartView.m */ = {isa = PBXFileReference; fileEncoding = 4; lastKnownFileType = sourcecode.c.objc; path = ELBezierLineChartView.m; sourceTree = "<group>"; };
		65A276CB1EFB77E2001CF425 /* UIBezierPathDemo.app */ = {isa = PBXFileReference; explicitFileType = wrapper.application; includeInIndex = 0; path = UIBezierPathDemo.app; sourceTree = BUILT_PRODUCTS_DIR; };
		65A276CF1EFB77E2001CF425 /* main.m */ = {isa = PBXFileReference; lastKnownFileType = sourcecode.c.objc; path = main.m; sourceTree = "<group>"; };
		65A276D11EFB77E2001CF425 /* AppDelegate.h */ = {isa = PBXFileReference; lastKnownFileType = sourcecode.c.h; path = AppDelegate.h; sourceTree = "<group>"; };
		65A276D21EFB77E2001CF425 /* AppDelegate.m */ = {isa = PBXFileReference; lastKnownFileType = sourcecode.c.objc; path = AppDelegate.m; sourceTree = "<group>"; };
		65A276D41EFB77E2001CF425 /* ViewController.h */ = {isa = PBXFileReference; lastKnownFileType = sourcecode.c.h; path = ViewController.h; sourceTree = "<group>"; };
		65A276D51EFB77E2001CF425 /* ViewController.m */ = {isa = PBXFileReference; lastKnownFileType = sourcecode.c.objc; path = ViewController.m; sourceTree = "<group>"; };
		65A276D81EFB77E2001CF425 /* Base */ = {isa = PBXFileReference; lastKnownFileType = file.storyboard; name = Base; path = Base.lproj/Main.storyboard; sourceTree = "<group>"; };
		65A276DA1EFB77E2001CF425 /* Assets.xcassets */ = {isa = PBXFileReference; lastKnownFileType = folder.assetcatalog; path = Assets.xcassets; sourceTree = "<group>"; };
		65A276DD1EFB77E2001CF425 /* Base */ = {isa = PBXFileReference; lastKnownFileType = file.storyboard; name = Base; path = Base.lproj/LaunchScreen.storyboard; sourceTree = "<group>"; };
		65A276DF1EFB77E2001CF425 /* Info.plist */ = {isa = PBXFileReference; lastKnownFileType = text.plist.xml; path = Info.plist; sourceTree = "<group>"; };
		65A276E41EFB77E2001CF425 /* UIBezierPathDemoTests.xctest */ = {isa = PBXFileReference; explicitFileType = wrapper.cfbundle; includeInIndex = 0; path = UIBezierPathDemoTests.xctest; sourceTree = BUILT_PRODUCTS_DIR; };
		65A276E81EFB77E2001CF425 /* UIBezierPathDemoTests.m */ = {isa = PBXFileReference; lastKnownFileType = sourcecode.c.objc; path = UIBezierPathDemoTests.m; sourceTree = "<group>"; };
		65A276EA1EFB77E2001CF425 /* Info.plist */ = {isa = PBXFileReference; lastKnownFileType = text.plist.xml; path = Info.plist; sourceTree = "<group>"; };
		65A276EF1EFB77E2001CF425 /* UIBezierPathDemoUITests.xctest */ = {isa = PBXFileReference; explicitFileType = wrapper.cfbundle; includeInIndex = 0; path = UIBezierPathDemoUITests.xctest; sourceTree = BUILT_PRODUCTS_DIR; };
		65A276F31EFB77E2001CF425 /* UIBezierPathDemoUITests.m */ = {isa = PBXFileReference; lastKnownFileType = sourcecode.c.objc; path = UIBezierPathDemoUITests.m; sourceTree = "<group>"; };
		65A276F51EFB77E2001CF425 /* Info.plist */ = {isa = PBXFileReference; lastKnownFileType = text.plist.xml; path = Info.plist; sourceTree = "<group>"; };
/* End PBXFileReference section */

/* Begin PBXFrameworksBuildPhase section */
		65A276C81EFB77E2001CF425 /* Frameworks */ = {
			isa = PBXFrameworksBuildPhase;
			buildActionMask = 2147483647;
			files = (
			);
			runOnlyForDeploymentPostprocessing = 0;
		};
		65A276E11EFB77E2001CF425 /* Frameworks */ = {
			isa = PBXFrameworksBuildPhase;
			buildActionMask = 2147483647;
			files = (
			);
			runOnlyForDeploymentPostprocessing = 0;
		};
		65A276EC1EFB77E2001CF425 /* Frameworks */ = {
			isa = PBXFrameworksBuildPhase;
			buildActionMask = 2147483647;
			files = (
			);
			runOnlyForDeploymentPostprocessing = 0;
		};
/* End PBXFrameworksBuildPhase section */

/* Begin PBXGroup section */
		65A276C21EFB77E1001CF425 = {
			isa = PBXGroup;
			children = (
				65A276CD1EFB77E2001CF425 /* UIBezierPathDemo */,
				65A276E71EFB77E2001CF425 /* UIBezierPathDemoTests */,
				65A276F21EFB77E2001CF425 /* UIBezierPathDemoUITests */,
				65A276CC1EFB77E2001CF425 /* Products */,
			);
			sourceTree = "<group>";
		};
		65A276CC1EFB77E2001CF425 /* Products */ = {
			isa = PBXGroup;
			children = (
				65A276CB1EFB77E2001CF425 /* UIBezierPathDemo.app */,
				65A276E41EFB77E2001CF425 /* UIBezierPathDemoTests.xctest */,
				65A276EF1EFB77E2001CF425 /* UIBezierPathDemoUITests.xctest */,
			);
			name = Products;
			sourceTree = "<group>";
		};
		65A276CD1EFB77E2001CF425 /* UIBezierPathDemo */ = {
			isa = PBXGroup;
			children = (
				65A276D11EFB77E2001CF425 /* AppDelegate.h */,
				65A276D21EFB77E2001CF425 /* AppDelegate.m */,
				65A276D41EFB77E2001CF425 /* ViewController.h */,
				65A276D51EFB77E2001CF425 /* ViewController.m */,
				655D5AB71EFB9EA9008B74DC /* ELBezierLineChartView.h */,
				655D5AB81EFB9EA9008B74DC /* ELBezierLineChartView.m */,
				65A276D71EFB77E2001CF425 /* Main.storyboard */,
				65A276DA1EFB77E2001CF425 /* Assets.xcassets */,
				65A276DC1EFB77E2001CF425 /* LaunchScreen.storyboard */,
				65A276DF1EFB77E2001CF425 /* Info.plist */,
				65A276CE1EFB77E2001CF425 /* Supporting Files */,
			);
			path = UIBezierPathDemo;
			sourceTree = "<group>";
		};
		65A276CE1EFB77E2001CF425 /* Supporting Files */ = {
			isa = PBXGroup;
			children = (
				65A276CF1EFB77E2001CF425 /* main.m */,
			);
			name = "Supporting Files";
			sourceTree = "<group>";
		};
		65A276E71EFB77E2001CF425 /* UIBezierPathDemoTests */ = {
			isa = PBXGroup;
			children = (
				65A276E81EFB77E2001CF425 /* UIBezierPathDemoTests.m */,
				65A276EA1EFB77E2001CF425 /* Info.plist */,
			);
			path = UIBezierPathDemoTests;
			sourceTree = "<group>";
		};
		65A276F21EFB77E2001CF425 /* UIBezierPathDemoUITests */ = {
			isa = PBXGroup;
			children = (
				65A276F31EFB77E2001CF425 /* UIBezierPathDemoUITests.m */,
				65A276F51EFB77E2001CF425 /* Info.plist */,
			);
			path = UIBezierPathDemoUITests;
			sourceTree = "<group>";
		};
/* End PBXGroup section */

/* Begin PBXNativeTarget section */
		65A276CA1EFB77E2001CF425 /* UIBezierPathDemo */ = {
			isa = PBXNativeTarget;
			buildConfigurationList = 65A276F81EFB77E2001CF425 /* Build configuration list for PBXNativeTarget "UIBezierPathDemo" */;
			buildPhases = (
				65A276C71EFB77E2001CF425 /* Sources */,
				65A276C81EFB77E2001CF425 /* Frameworks */,
				65A276C91EFB77E2001CF425 /* Resources */,
			);
			buildRules = (
			);
			dependencies = (
			);
			name = UIBezierPathDemo;
			productName = UIBezierPathDemo;
			productReference = 65A276CB1EFB77E2001CF425 /* UIBezierPathDemo.app */;
			productType = "com.apple.product-type.application";
		};
		65A276E31EFB77E2001CF425 /* UIBezierPathDemoTests */ = {
			isa = PBXNativeTarget;
			buildConfigurationList = 65A276FB1EFB77E2001CF425 /* Build configuration list for PBXNativeTarget "UIBezierPathDemoTests" */;
			buildPhases = (
				65A276E01EFB77E2001CF425 /* Sources */,
				65A276E11EFB77E2001CF425 /* Frameworks */,
				65A276E21EFB77E2001CF425 /* Resources */,
			);
			buildRules = (
			);
			dependencies = (
				65A276E61EFB77E2001CF425 /* PBXTargetDependency */,
			);
			name = UIBezierPathDemoTests;
			productName = UIBezierPathDemoTests;
			productReference = 65A276E41EFB77E2001CF425 /* UIBezierPathDemoTests.xctest */;
			productType = "com.apple.product-type.bundle.unit-test";
		};
		65A276EE1EFB77E2001CF425 /* UIBezierPathDemoUITests */ = {
			isa = PBXNativeTarget;
			buildConfigurationList = 65A276FE1EFB77E2001CF425 /* Build configuration list for PBXNativeTarget "UIBezierPathDemoUITests" */;
			buildPhases = (
				65A276EB1EFB77E2001CF425 /* Sources */,
				65A276EC1EFB77E2001CF425 /* Frameworks */,
				65A276ED1EFB77E2001CF425 /* Resources */,
			);
			buildRules = (
			);
			dependencies = (
				65A276F11EFB77E2001CF425 /* PBXTargetDependency */,
			);
			name = UIBezierPathDemoUITests;
			productName = UIBezierPathDemoUITests;
			productReference = 65A276EF1EFB77E2001CF425 /* UIBezierPathDemoUITests.xctest */;
			productType = "com.apple.product-type.bundle.ui-testing";
		};
/* End PBXNativeTarget section */

/* Begin PBXProject section */
		65A276C31EFB77E1001CF425 /* Project object */ = {
			isa = PBXProject;
			attributes = {
				LastUpgradeCheck = 0830;
				ORGANIZATIONNAME = etouch;
				TargetAttributes = {
					65A276CA1EFB77E2001CF425 = {
						CreatedOnToolsVersion = 8.3;
						ProvisioningStyle = Automatic;
					};
					65A276E31EFB77E2001CF425 = {
						CreatedOnToolsVersion = 8.3;
						ProvisioningStyle = Automatic;
						TestTargetID = 65A276CA1EFB77E2001CF425;
					};
					65A276EE1EFB77E2001CF425 = {
						CreatedOnToolsVersion = 8.3;
						ProvisioningStyle = Automatic;
						TestTargetID = 65A276CA1EFB77E2001CF425;
					};
				};
			};
			buildConfigurationList = 65A276C61EFB77E1001CF425 /* Build configuration list for PBXProject "UIBezierPathDemo" */;
			compatibilityVersion = "Xcode 3.2";
			developmentRegion = English;
			hasScannedForEncodings = 0;
			knownRegions = (
				en,
				Base,
			);
			mainGroup = 65A276C21EFB77E1001CF425;
			productRefGroup = 65A276CC1EFB77E2001CF425 /* Products */;
			projectDirPath = "";
			projectRoot = "";
			targets = (
				65A276CA1EFB77E2001CF425 /* UIBezierPathDemo */,
				65A276E31EFB77E2001CF425 /* UIBezierPathDemoTests */,
				65A276EE1EFB77E2001CF425 /* UIBezierPathDemoUITests */,
			);
		};
/* End PBXProject section */

/* Begin PBXResourcesBuildPhase section */
		65A276C91EFB77E2001CF425 /* Resources */ = {
			isa = PBXResourcesBuildPhase;
			buildActionMask = 2147483647;
			files = (
				65A276DE1EFB77E2001CF425 /* LaunchScreen.storyboard in Resources */,
				65A276DB1EFB77E2001CF425 /* Assets.xcassets in Resources */,
				65A276D91EFB77E2001CF425 /* Main.storyboard in Resources */,
			);
			runOnlyForDeploymentPostprocessing = 0;
		};
		65A276E21EFB77E2001CF425 /* Resources */ = {
			isa = PBXResourcesBuildPhase;
			buildActionMask = 2147483647;
			files = (
			);
			runOnlyForDeploymentPostprocessing = 0;
		};
		65A276ED1EFB77E2001CF425 /* Resources */ = {
			isa = PBXResourcesBuildPhase;
			buildActionMask = 2147483647;
			files = (
			);
			runOnlyForDeploymentPostprocessing = 0;
		};
/* End PBXResourcesBuildPhase section */

/* Begin PBXSourcesBuildPhase section */
		65A276C71EFB77E2001CF425 /* Sources */ = {
			isa = PBXSourcesBuildPhase;
			buildActionMask = 2147483647;
			files = (
				65A276D61EFB77E2001CF425 /* ViewController.m in Sources */,
				655D5AB91EFB9EA9008B74DC /* ELBezierLineChartView.m in Sources */,
				65A276D31EFB77E2001CF425 /* AppDelegate.m in Sources */,
				65A276D01EFB77E2001CF425 /* main.m in Sources */,
			);
			runOnlyForDeploymentPostprocessing = 0;
		};
		65A276E01EFB77E2001CF425 /* Sources */ = {
			isa = PBXSourcesBuildPhase;
			buildActionMask = 2147483647;
			files = (
				65A276E91EFB77E2001CF425 /* UIBezierPathDemoTests.m in Sources */,
			);
			runOnlyForDeploymentPostprocessing = 0;
		};
		65A276EB1EFB77E2001CF425 /* Sources */ = {
			isa = PBXSourcesBuildPhase;
			buildActionMask = 2147483647;
			files = (
				65A276F41EFB77E2001CF425 /* UIBezierPathDemoUITests.m in Sources */,
			);
			runOnlyForDeploymentPostprocessing = 0;
		};
/* End PBXSourcesBuildPhase section */

/* Begin PBXTargetDependency section */
		65A276E61EFB77E2001CF425 /* PBXTargetDependency */ = {
			isa = PBXTargetDependency;
			target = 65A276CA1EFB77E2001CF425 /* UIBezierPathDemo */;
			targetProxy = 65A276E51EFB77E2001CF425 /* PBXContainerItemProxy */;
		};
		65A276F11EFB77E2001CF425 /* PBXTargetDependency */ = {
			isa = PBXTargetDependency;
			target = 65A276CA1EFB77E2001CF425 /* UIBezierPathDemo */;
			targetProxy = 65A276F01EFB77E2001CF425 /* PBXContainerItemProxy */;
		};
/* End PBXTargetDependency section */

/* Begin PBXVariantGroup section */
		65A276D71EFB77E2001CF425 /* Main.storyboard */ = {
			isa = PBXVariantGroup;
			children = (
				65A276D81EFB77E2001CF425 /* Base */,
			);
			name = Main.storyboard;
			sourceTree = "<group>";
		};
		65A276DC1EFB77E2001CF425 /* LaunchScreen.storyboard */ = {
			isa = PBXVariantGroup;
			children = (
				65A276DD1EFB77E2001CF425 /* Base */,
			);
			name = LaunchScreen.storyboard;
			sourceTree = "<group>";
		};
/* End PBXVariantGroup section */

/* Begin XCBuildConfiguration section */
		65A276F61EFB77E2001CF425 /* Debug */ = {
			isa = XCBuildConfiguration;
			buildSettings = {
				ALWAYS_SEARCH_USER_PATHS = NO;
				CLANG_ANALYZER_NONNULL = YES;
				CLANG_ANALYZER_NUMBER_OBJECT_CONVERSION = YES_AGGRESSIVE;
				CLANG_CXX_LANGUAGE_STANDARD = "gnu++0x";
				CLANG_CXX_LIBRARY = "libc++";
				CLANG_ENABLE_MODULES = YES;
				CLANG_ENABLE_OBJC_ARC = YES;
				CLANG_WARN_BOOL_CONVERSION = YES;
				CLANG_WARN_CONSTANT_CONVERSION = YES;
				CLANG_WARN_DIRECT_OBJC_ISA_USAGE = YES_ERROR;
				CLANG_WARN_DOCUMENTATION_COMMENTS = YES;
				CLANG_WARN_EMPTY_BODY = YES;
				CLANG_WARN_ENUM_CONVERSION = YES;
				CLANG_WARN_INFINITE_RECURSION = YES;
				CLANG_WARN_INT_CONVERSION = YES;
				CLANG_WARN_OBJC_ROOT_CLASS = YES_ERROR;
				CLANG_WARN_SUSPICIOUS_MOVE = YES;
				CLANG_WARN_UNREACHABLE_CODE = YES;
				CLANG_WARN__DUPLICATE_METHOD_MATCH = YES;
				"CODE_SIGN_IDENTITY[sdk=iphoneos*]" = "iPhone Developer";
				COPY_PHASE_STRIP = NO;
				DEBUG_INFORMATION_FORMAT = dwarf;
				ENABLE_STRICT_OBJC_MSGSEND = YES;
				ENABLE_TESTABILITY = YES;
				GCC_C_LANGUAGE_STANDARD = gnu99;
				GCC_DYNAMIC_NO_PIC = NO;
				GCC_NO_COMMON_BLOCKS = YES;
				GCC_OPTIMIZATION_LEVEL = 0;
				GCC_PREPROCESSOR_DEFINITIONS = (
					"DEBUG=1",
					"$(inherited)",
				);
				GCC_WARN_64_TO_32_BIT_CONVERSION = YES;
				GCC_WARN_ABOUT_RETURN_TYPE = YES_ERROR;
				GCC_WARN_UNDECLARED_SELECTOR = YES;
				GCC_WARN_UNINITIALIZED_AUTOS = YES_AGGRESSIVE;
				GCC_WARN_UNUSED_FUNCTION = YES;
				GCC_WARN_UNUSED_VARIABLE = YES;
				IPHONEOS_DEPLOYMENT_TARGET = 10.3;
				MTL_ENABLE_DEBUG_INFO = YES;
				ONLY_ACTIVE_ARCH = YES;
				SDKROOT = iphoneos;
				TARGETED_DEVICE_FAMILY = "1,2";
			};
			name = Debug;
		};
		65A276F71EFB77E2001CF425 /* Release */ = {
			isa = XCBuildConfiguration;
			buildSettings = {
				ALWAYS_SEARCH_USER_PATHS = NO;
				CLANG_ANALYZER_NONNULL = YES;
				CLANG_ANALYZER_NUMBER_OBJECT_CONVERSION = YES_AGGRESSIVE;
				CLANG_CXX_LANGUAGE_STANDARD = "gnu++0x";
				CLANG_CXX_LIBRARY = "libc++";
				CLANG_ENABLE_MODULES = YES;
				CLANG_ENABLE_OBJC_ARC = YES;
				CLANG_WARN_BOOL_CONVERSION = YES;
				CLANG_WARN_CONSTANT_CONVERSION = YES;
				CLANG_WARN_DIRECT_OBJC_ISA_USAGE = YES_ERROR;
				CLANG_WARN_DOCUMENTATION_COMMENTS = YES;
				CLANG_WARN_EMPTY_BODY = YES;
				CLANG_WARN_ENUM_CONVERSION = YES;
				CLANG_WARN_INFINITE_RECURSION = YES;
				CLANG_WARN_INT_CONVERSION = YES;
				CLANG_WARN_OBJC_ROOT_CLASS = YES_ERROR;
				CLANG_WARN_SUSPICIOUS_MOVE = YES;
				CLANG_WARN_UNREACHABLE_CODE = YES;
				CLANG_WARN__DUPLICATE_METHOD_MATCH = YES;
				"CODE_SIGN_IDENTITY[sdk=iphoneos*]" = "iPhone Developer";
				COPY_PHASE_STRIP = NO;
				DEBUG_INFORMATION_FORMAT = "dwarf-with-dsym";
				ENABLE_NS_ASSERTIONS = NO;
				ENABLE_STRICT_OBJC_MSGSEND = YES;
				GCC_C_LANGUAGE_STANDARD = gnu99;
				GCC_NO_COMMON_BLOCKS = YES;
				GCC_WARN_64_TO_32_BIT_CONVERSION = YES;
				GCC_WARN_ABOUT_RETURN_TYPE = YES_ERROR;
				GCC_WARN_UNDECLARED_SELECTOR = YES;
				GCC_WARN_UNINITIALIZED_AUTOS = YES_AGGRESSIVE;
				GCC_WARN_UNUSED_FUNCTION = YES;
				GCC_WARN_UNUSED_VARIABLE = YES;
				IPHONEOS_DEPLOYMENT_TARGET = 10.3;
				MTL_ENABLE_DEBUG_INFO = NO;
				SDKROOT = iphoneos;
				TARGETED_DEVICE_FAMILY = "1,2";
				VALIDATE_PRODUCT = YES;
			};
			name = Release;
		};
		65A276F91EFB77E2001CF425 /* Debug */ = {
			isa = XCBuildConfiguration;
			buildSettings = {
				ASSETCATALOG_COMPILER_APPICON_NAME = AppIcon;
				INFOPLIST_FILE = UIBezierPathDemo/Info.plist;
				LD_RUNPATH_SEARCH_PATHS = "$(inherited) @executable_path/Frameworks";
				PRODUCT_BUNDLE_IDENTIFIER = cn.ss.productb.UIBezierPathDemo;
				PRODUCT_NAME = "$(TARGET_NAME)";
			};
			name = Debug;
		};
		65A276FA1EFB77E2001CF425 /* Release */ = {
			isa = XCBuildConfiguration;
			buildSettings = {
				ASSETCATALOG_COMPILER_APPICON_NAME = AppIcon;
				INFOPLIST_FILE = UIBezierPathDemo/Info.plist;
				LD_RUNPATH_SEARCH_PATHS = "$(inherited) @executable_path/Frameworks";
				PRODUCT_BUNDLE_IDENTIFIER = cn.ss.productb.UIBezierPathDemo;
				PRODUCT_NAME = "$(TARGET_NAME)";
			};
			name = Release;
		};
		65A276FC1EFB77E2001CF425 /* Debug */ = {
			isa = XCBuildConfiguration;
			buildSettings = {
				BUNDLE_LOADER = "$(TEST_HOST)";
				INFOPLIST_FILE = UIBezierPathDemoTests/Info.plist;
				LD_RUNPATH_SEARCH_PATHS = "$(inherited) @executable_path/Frameworks @loader_path/Frameworks";
				PRODUCT_BUNDLE_IDENTIFIER = cn.ss.productb.UIBezierPathDemoTests;
				PRODUCT_NAME = "$(TARGET_NAME)";
				TEST_HOST = "$(BUILT_PRODUCTS_DIR)/UIBezierPathDemo.app/UIBezierPathDemo";
			};
			name = Debug;
		};
		65A276FD1EFB77E2001CF425 /* Release */ = {
			isa = XCBuildConfiguration;
			buildSettings = {
				BUNDLE_LOADER = "$(TEST_HOST)";
				INFOPLIST_FILE = UIBezierPathDemoTests/Info.plist;
				LD_RUNPATH_SEARCH_PATHS = "$(inherited) @executable_path/Frameworks @loader_path/Frameworks";
				PRODUCT_BUNDLE_IDENTIFIER = cn.ss.productb.UIBezierPathDemoTests;
				PRODUCT_NAME = "$(TARGET_NAME)";
				TEST_HOST = "$(BUILT_PRODUCTS_DIR)/UIBezierPathDemo.app/UIBezierPathDemo";
			};
			name = Release;
		};
		65A276FF1EFB77E2001CF425 /* Debug */ = {
			isa = XCBuildConfiguration;
			buildSettings = {
				INFOPLIST_FILE = UIBezierPathDemoUITests/Info.plist;
				LD_RUNPATH_SEARCH_PATHS = "$(inherited) @executable_path/Frameworks @loader_path/Frameworks";
				PRODUCT_BUNDLE_IDENTIFIER = cn.ss.productb.UIBezierPathDemoUITests;
				PRODUCT_NAME = "$(TARGET_NAME)";
				TEST_TARGET_NAME = UIBezierPathDemo;
			};
			name = Debug;
		};
		65A277001EFB77E2001CF425 /* Release */ = {
			isa = XCBuildConfiguration;
			buildSettings = {
				INFOPLIST_FILE = UIBezierPathDemoUITests/Info.plist;
				LD_RUNPATH_SEARCH_PATHS = "$(inherited) @executable_path/Frameworks @loader_path/Frameworks";
				PRODUCT_BUNDLE_IDENTIFIER = cn.ss.productb.UIBezierPathDemoUITests;
				PRODUCT_NAME = "$(TARGET_NAME)";
				TEST_TARGET_NAME = UIBezierPathDemo;
			};
			name = Release;
		};
/* End XCBuildConfiguration section */

/* Begin XCConfigurationList section */
		65A276C61EFB77E1001CF425 /* Build configuration list for PBXProject "UIBezierPathDemo" */ = {
			isa = XCConfigurationList;
			buildConfigurations = (
				65A276F61EFB77E2001CF425 /* Debug */,
				65A276F71EFB77E2001CF425 /* Release */,
			);
			defaultConfigurationIsVisible = 0;
			defaultConfigurationName = Release;
		};
		65A276F81EFB77E2001CF425 /* Build configuration list for PBXNativeTarget "UIBezierPathDemo" */ = {
			isa = XCConfigurationList;
			buildConfigurations = (
				65A276F91EFB77E2001CF425 /* Debug */,
				65A276FA1EFB77E2001CF425 /* Release */,
			);
			defaultConfigurationIsVisible = 0;
			defaultConfigurationName = Release;
		};
		65A276FB1EFB77E2001CF425 /* Build configuration list for PBXNativeTarget "UIBezierPathDemoTests" */ = {
			isa = XCConfigurationList;
			buildConfigurations = (
				65A276FC1EFB77E2001CF425 /* Debug */,
				65A276FD1EFB77E2001CF425 /* Release */,
			);
			defaultConfigurationIsVisible = 0;
			defaultConfigurationName = Release;
		};
		65A276FE1EFB77E2001CF425 /* Build configuration list for PBXNativeTarget "UIBezierPathDemoUITests" */ = {
			isa = XCConfigurationList;
			buildConfigurations = (
				65A276FF1EFB77E2001CF425 /* Debug */,
				65A277001EFB77E2001CF425 /* Release */,
			);
			defaultConfigurationIsVisible = 0;
			defaultConfigurationName = Release;
		};
/* End XCConfigurationList section */
	};
	rootObject = 65A276C31EFB77E1001CF425 /* Project object */;
}
